// !$*UTF8*$!
{
	archiveVersion = 1;
	classes = {
	};
	objectVersion = 77;
	objects = {

/* Begin PBXBuildFile section */
		CF1518CE2DBEBAEF008C6F95 /* FirebaseAnalytics in Frameworks */ = {isa = PBXBuildFile; productRef = CF1518CD2DBEBAEF008C6F95 /* FirebaseAnalytics */; };
		CF1518D02DBEBAEF008C6F95 /* FirebaseAuth in Frameworks */ = {isa = PBXBuildFile; productRef = CF1518CF2DBEBAEF008C6F95 /* FirebaseAuth */; };
		CF1518D22DBEBAEF008C6F95 /* FirebaseCrashlytics in Frameworks */ = {isa = PBXBuildFile; productRef = CF1518D12DBEBAEF008C6F95 /* FirebaseCrashlytics */; };
		CF1518D42DBEBAEF008C6F95 /* FirebaseFirestore in Frameworks */ = {isa = PBXBuildFile; productRef = CF1518D32DBEBAEF008C6F95 /* FirebaseFirestore */; };
		CF1518D62DBEBAEF008C6F95 /* FirebasePerformance in Frameworks */ = {isa = PBXBuildFile; productRef = CF1518D52DBEBAEF008C6F95 /* FirebasePerformance */; };
		CF1518D82DBEBAEF008C6F95 /* FirebaseRemoteConfig in Frameworks */ = {isa = PBXBuildFile; productRef = CF1518D72DBEBAEF008C6F95 /* FirebaseRemoteConfig */; };
		CF1518DA2DBEBAEF008C6F95 /* FirebaseStorage in Frameworks */ = {isa = PBXBuildFile; productRef = CF1518D92DBEBAEF008C6F95 /* FirebaseStorage */; };
		CF1519542DBEC2BD008C6F95 /* FirebaseAnalytics in Frameworks */ = {isa = PBXBuildFile; productRef = CF1519532DBEC2BD008C6F95 /* FirebaseAnalytics */; };
		CF1519562DBEC2BD008C6F95 /* FirebaseAuth in Frameworks */ = {isa = PBXBuildFile; productRef = CF1519552DBEC2BD008C6F95 /* FirebaseAuth */; };
		CF1519582DBEC2BD008C6F95 /* FirebaseCrashlytics in Frameworks */ = {isa = PBXBuildFile; productRef = CF1519572DBEC2BD008C6F95 /* FirebaseCrashlytics */; };
		CF15195A2DBEC2BD008C6F95 /* FirebaseFirestore in Frameworks */ = {isa = PBXBuildFile; productRef = CF1519592DBEC2BD008C6F95 /* FirebaseFirestore */; };
		CF15195C2DBEC2BD008C6F95 /* FirebasePerformance in Frameworks */ = {isa = PBXBuildFile; productRef = CF15195B2DBEC2BD008C6F95 /* FirebasePerformance */; };
		CF15195E2DBEC2BD008C6F95 /* FirebaseRemoteConfig in Frameworks */ = {isa = PBXBuildFile; productRef = CF15195D2DBEC2BD008C6F95 /* FirebaseRemoteConfig */; };
		CF1519602DBEC2BD008C6F95 /* FirebaseStorage in Frameworks */ = {isa = PBXBuildFile; productRef = CF15195F2DBEC2BD008C6F95 /* FirebaseStorage */; };
		CF1519622DBEC492008C6F95 /* FirebaseFirestore in Frameworks */ = {isa = PBXBuildFile; productRef = CF1519612DBEC492008C6F95 /* FirebaseFirestore */; };
/* End PBXBuildFile section */

/* Begin PBXFileReference section */
		CF58682C2DBEAD3B00F99165 /* Aca Asistent.app */ = {isa = PBXFileReference; explicitFileType = wrapper.application; includeInIndex = 0; path = "Aca Asistent.app"; sourceTree = BUILT_PRODUCTS_DIR; };
/* End PBXFileReference section */

/* Begin PBXFileSystemSynchronizedRootGroup section */
		CF58682E2DBEAD3B00F99165 /* Aca Asistent */ = {
			isa = PBXFileSystemSynchronizedRootGroup;
			path = "Aca Asistent";
			sourceTree = "<group>";
		};
/* End PBXFileSystemSynchronizedRootGroup section */

/* Begin PBXFrameworksBuildPhase section */
		CF5868292DBEAD3B00F99165 /* Frameworks */ = {
			isa = PBXFrameworksBuildPhase;
			buildActionMask = 2147483647;
			files = (
				CF1518CE2DBEBAEF008C6F95 /* FirebaseAnalytics in Frameworks */,
				CF1518D22DBEBAEF008C6F95 /* FirebaseCrashlytics in Frameworks */,
				CF15195C2DBEC2BD008C6F95 /* FirebasePerformance in Frameworks */,
				CF1519542DBEC2BD008C6F95 /* FirebaseAnalytics in Frameworks */,
				CF1518D62DBEBAEF008C6F95 /* FirebasePerformance in Frameworks */,
				CF1519562DBEC2BD008C6F95 /* FirebaseAuth in Frameworks */,
				CF1518D82DBEBAEF008C6F95 /* FirebaseRemoteConfig in Frameworks */,
				CF1518D02DBEBAEF008C6F95 /* FirebaseAuth in Frameworks */,
				CF1519622DBEC492008C6F95 /* FirebaseFirestore in Frameworks */,
				CF1519582DBEC2BD008C6F95 /* FirebaseCrashlytics in Frameworks */,
				CF1518DA2DBEBAEF008C6F95 /* FirebaseStorage in Frameworks */,
				CF15195E2DBEC2BD008C6F95 /* FirebaseRemoteConfig in Frameworks */,
				CF1519602DBEC2BD008C6F95 /* FirebaseStorage in Frameworks */,
				CF15195A2DBEC2BD008C6F95 /* FirebaseFirestore in Frameworks */,
				CF1518D42DBEBAEF008C6F95 /* FirebaseFirestore in Frameworks */,
			);
			runOnlyForDeploymentPostprocessing = 0;
		};
/* End PBXFrameworksBuildPhase section */

/* Begin PBXGroup section */
		17A8C93E78F1F13CBB3537C6 /* Pods */ = {
			isa = PBXGroup;
			children = (
			);
			path = Pods;
			sourceTree = "<group>";
		};
		CF5868232DBEAD3B00F99165 = {
			isa = PBXGroup;
			children = (
				CF58682E2DBEAD3B00F99165 /* Aca Asistent */,
				CF58682D2DBEAD3B00F99165 /* Products */,
				17A8C93E78F1F13CBB3537C6 /* Pods */,
			);
			sourceTree = "<group>";
		};
		CF58682D2DBEAD3B00F99165 /* Products */ = {
			isa = PBXGroup;
			children = (
				CF58682C2DBEAD3B00F99165 /* Aca Asistent.app */,
			);
			name = Products;
			sourceTree = "<group>";
		};
/* End PBXGroup section */

/* Begin PBXNativeTarget section */
		CF58682B2DBEAD3B00F99165 /* Aca Asistent */ = {
			isa = PBXNativeTarget;
			buildConfigurationList = CF5868372DBEAD3C00F99165 /* Build configuration list for PBXNativeTarget "Aca Asistent" */;
			buildPhases = (
				CF5868282DBEAD3B00F99165 /* Sources */,
				CF5868292DBEAD3B00F99165 /* Frameworks */,
				CF58682A2DBEAD3B00F99165 /* Resources */,
			);
			buildRules = (
			);
			dependencies = (
			);
			fileSystemSynchronizedGroups = (
				CF58682E2DBEAD3B00F99165 /* Aca Asistent */,
			);
			name = "Aca Asistent";
			productName = "Aca Asistent";
			productReference = CF58682C2DBEAD3B00F99165 /* Aca Asistent.app */;
			productType = "com.apple.product-type.application";
		};
/* End PBXNativeTarget section */

/* Begin PBXProject section */
		CF5868242DBEAD3B00F99165 /* Project object */ = {
			isa = PBXProject;
			attributes = {
				BuildIndependentTargetsInParallel = 1;
				LastSwiftUpdateCheck = 1630;
				LastUpgradeCheck = 1630;
				TargetAttributes = {
					CF58682B2DBEAD3B00F99165 = {
						CreatedOnToolsVersion = 16.3;
					};
				};
			};
			buildConfigurationList = CF5868272DBEAD3B00F99165 /* Build configuration list for PBXProject "Aca Asistent" */;
			developmentRegion = en;
			hasScannedForEncodings = 0;
			knownRegions = (
				en,
				Base,
			);
			mainGroup = CF5868232DBEAD3B00F99165;
			minimizedProjectReferenceProxies = 1;
			packageReferences = (
				CF1518CC2DBEBAEF008C6F95 /* XCRemoteSwiftPackageReference "firebase-ios-sdk" */,
			);
			preferredProjectObjectVersion = 77;
			productRefGroup = CF58682D2DBEAD3B00F99165 /* Products */;
			projectDirPath = "";
			projectRoot = "";
			targets = (
				CF58682B2DBEAD3B00F99165 /* Aca Asistent */,
			);
		};
/* End PBXProject section */

/* Begin PBXResourcesBuildPhase section */
		CF58682A2DBEAD3B00F99165 /* Resources */ = {
			isa = PBXResourcesBuildPhase;
			buildActionMask = 2147483647;
			files = (
			);
			runOnlyForDeploymentPostprocessing = 0;
		};
/* End PBXResourcesBuildPhase section */

/* Begin PBXSourcesBuildPhase section */
		CF5868282DBEAD3B00F99165 /* Sources */ = {
			isa = PBXSourcesBuildPhase;
			buildActionMask = 2147483647;
			files = (
			);
			runOnlyForDeploymentPostprocessing = 0;
		};
/* End PBXSourcesBuildPhase section */

/* Begin XCBuildConfiguration section */
		CF5868352DBEAD3C00F99165 /* Debug */ = {
			isa = XCBuildConfiguration;
			buildSettings = {
				ALWAYS_SEARCH_USER_PATHS = NO;
				ASSETCATALOG_COMPILER_GENERATE_SWIFT_ASSET_SYMBOL_EXTENSIONS = YES;
				CLANG_ANALYZER_NONNULL = YES;
				CLANG_ANALYZER_NUMBER_OBJECT_CONVERSION = YES_AGGRESSIVE;
				CLANG_CXX_LANGUAGE_STANDARD = "gnu++20";
				CLANG_ENABLE_MODULES = YES;
				CLANG_ENABLE_OBJC_ARC = YES;
				CLANG_ENABLE_OBJC_WEAK = YES;
				CLANG_WARN_BLOCK_CAPTURE_AUTORELEASING = YES;
				CLANG_WARN_BOOL_CONVERSION = YES;
				CLANG_WARN_COMMA = YES;
				CLANG_WARN_CONSTANT_CONVERSION = YES;
				CLANG_WARN_DEPRECATED_OBJC_IMPLEMENTATIONS = YES;
				CLANG_WARN_DIRECT_OBJC_ISA_USAGE = YES_ERROR;
				CLANG_WARN_DOCUMENTATION_COMMENTS = YES;
				CLANG_WARN_EMPTY_BODY = YES;
				CLANG_WARN_ENUM_CONVERSION = YES;
				CLANG_WARN_INFINITE_RECURSION = YES;
				CLANG_WARN_INT_CONVERSION = YES;
				CLANG_WARN_NON_LITERAL_NULL_CONVERSION = YES;
				CLANG_WARN_OBJC_IMPLICIT_RETAIN_SELF = YES;
				CLANG_WARN_OBJC_LITERAL_CONVERSION = YES;
				CLANG_WARN_OBJC_ROOT_CLASS = YES_ERROR;
				CLANG_WARN_QUOTED_INCLUDE_IN_FRAMEWORK_HEADER = YES;
				CLANG_WARN_RANGE_LOOP_ANALYSIS = YES;
				CLANG_WARN_STRICT_PROTOTYPES = YES;
				CLANG_WARN_SUSPICIOUS_MOVE = YES;
				CLANG_WARN_UNGUARDED_AVAILABILITY = YES_AGGRESSIVE;
				CLANG_WARN_UNREACHABLE_CODE = YES;
				CLANG_WARN__DUPLICATE_METHOD_MATCH = YES;
				COPY_PHASE_STRIP = NO;
				DEBUG_INFORMATION_FORMAT = dwarf;
				DEVELOPMENT_TEAM = 83F7KY8L5Y;
				ENABLE_STRICT_OBJC_MSGSEND = YES;
				ENABLE_TESTABILITY = YES;
				ENABLE_USER_SCRIPT_SANDBOXING = YES;
				GCC_C_LANGUAGE_STANDARD = gnu17;
				GCC_DYNAMIC_NO_PIC = NO;
				GCC_NO_COMMON_BLOCKS = YES;
				GCC_OPTIMIZATION_LEVEL = 0;
				GCC_PREPROCESSOR_DEFINITIONS = (
					"DEBUG=1",
					"$(inherited)",
				);
				GCC_WARN_64_TO_32_BIT_CONVERSION = YES;
				GCC_WARN_ABOUT_RETURN_TYPE = YES_ERROR;
				GCC_WARN_UNDECLARED_SELECTOR = YES;
				GCC_WARN_UNINITIALIZED_AUTOS = YES_AGGRESSIVE;
				GCC_WARN_UNUSED_FUNCTION = YES;
				GCC_WARN_UNUSED_VARIABLE = YES;
				IPHONEOS_DEPLOYMENT_TARGET = 18.4;
				LOCALIZATION_PREFERS_STRING_CATALOGS = YES;
				MTL_ENABLE_DEBUG_INFO = INCLUDE_SOURCE;
				MTL_FAST_MATH = YES;
				ONLY_ACTIVE_ARCH = YES;
				SDKROOT = iphoneos;
				SWIFT_ACTIVE_COMPILATION_CONDITIONS = "DEBUG $(inherited)";
				SWIFT_OPTIMIZATION_LEVEL = "-Onone";
			};
			name = Debug;
		};
		CF5868362DBEAD3C00F99165 /* Release */ = {
			isa = XCBuildConfiguration;
			buildSettings = {
				ALWAYS_SEARCH_USER_PATHS = NO;
				ASSETCATALOG_COMPILER_GENERATE_SWIFT_ASSET_SYMBOL_EXTENSIONS = YES;
				CLANG_ANALYZER_NONNULL = YES;
				CLANG_ANALYZER_NUMBER_OBJECT_CONVERSION = YES_AGGRESSIVE;
				CLANG_CXX_LANGUAGE_STANDARD = "gnu++20";
				CLANG_ENABLE_MODULES = YES;
				CLANG_ENABLE_OBJC_ARC = YES;
				CLANG_ENABLE_OBJC_WEAK = YES;
				CLANG_WARN_BLOCK_CAPTURE_AUTORELEASING = YES;
				CLANG_WARN_BOOL_CONVERSION = YES;
				CLANG_WARN_COMMA = YES;
				CLANG_WARN_CONSTANT_CONVERSION = YES;
				CLANG_WARN_DEPRECATED_OBJC_IMPLEMENTATIONS = YES;
				CLANG_WARN_DIRECT_OBJC_ISA_USAGE = YES_ERROR;
				CLANG_WARN_DOCUMENTATION_COMMENTS = YES;
				CLANG_WARN_EMPTY_BODY = YES;
				CLANG_WARN_ENUM_CONVERSION = YES;
				CLANG_WARN_INFINITE_RECURSION = YES;
				CLANG_WARN_INT_CONVERSION = YES;
				CLANG_WARN_NON_LITERAL_NULL_CONVERSION = YES;
				CLANG_WARN_OBJC_IMPLICIT_RETAIN_SELF = YES;
				CLANG_WARN_OBJC_LITERAL_CONVERSION = YES;
				CLANG_WARN_OBJC_ROOT_CLASS = YES_ERROR;
				CLANG_WARN_QUOTED_INCLUDE_IN_FRAMEWORK_HEADER = YES;
				CLANG_WARN_RANGE_LOOP_ANALYSIS = YES;
				CLANG_WARN_STRICT_PROTOTYPES = YES;
				CLANG_WARN_SUSPICIOUS_MOVE = YES;
				CLANG_WARN_UNGUARDED_AVAILABILITY = YES_AGGRESSIVE;
				CLANG_WARN_UNREACHABLE_CODE = YES;
				CLANG_WARN__DUPLICATE_METHOD_MATCH = YES;
				COPY_PHASE_STRIP = NO;
				DEBUG_INFORMATION_FORMAT = "dwarf-with-dsym";
				DEVELOPMENT_TEAM = 83F7KY8L5Y;
				ENABLE_NS_ASSERTIONS = NO;
				ENABLE_STRICT_OBJC_MSGSEND = YES;
				ENABLE_USER_SCRIPT_SANDBOXING = YES;
				GCC_C_LANGUAGE_STANDARD = gnu17;
				GCC_NO_COMMON_BLOCKS = YES;
				GCC_WARN_64_TO_32_BIT_CONVERSION = YES;
				GCC_WARN_ABOUT_RETURN_TYPE = YES_ERROR;
				GCC_WARN_UNDECLARED_SELECTOR = YES;
				GCC_WARN_UNINITIALIZED_AUTOS = YES_AGGRESSIVE;
				GCC_WARN_UNUSED_FUNCTION = YES;
				GCC_WARN_UNUSED_VARIABLE = YES;
				IPHONEOS_DEPLOYMENT_TARGET = 18.4;
				LOCALIZATION_PREFERS_STRING_CATALOGS = YES;
				MTL_ENABLE_DEBUG_INFO = NO;
				MTL_FAST_MATH = YES;
				SDKROOT = iphoneos;
				SWIFT_COMPILATION_MODE = wholemodule;
				VALIDATE_PRODUCT = YES;
			};
			name = Release;
		};
		CF5868382DBEAD3C00F99165 /* Debug */ = {
			isa = XCBuildConfiguration;
			buildSettings = {
				ASSETCATALOG_COMPILER_APPICON_NAME = AppIcon;
				ASSETCATALOG_COMPILER_GLOBAL_ACCENT_COLOR_NAME = AccentColor;
				CODE_SIGN_STYLE = Automatic;
				CURRENT_PROJECT_VERSION = 1;
				DEVELOPMENT_TEAM = 83F7KY8L5Y;
				ENABLE_PREVIEWS = YES;
				GENERATE_INFOPLIST_FILE = YES;
				INFOPLIST_KEY_CFBundleDisplayName = "Aca Asistent";
				INFOPLIST_KEY_UIApplicationSceneManifest_Generation = YES;
				INFOPLIST_KEY_UIApplicationSupportsIndirectInputEvents = YES;
				INFOPLIST_KEY_UILaunchScreen_Generation = YES;
				INFOPLIST_KEY_UISupportedInterfaceOrientations_iPad = "UIInterfaceOrientationPortrait UIInterfaceOrientationPortraitUpsideDown UIInterfaceOrientationLandscapeLeft UIInterfaceOrientationLandscapeRight";
				INFOPLIST_KEY_UISupportedInterfaceOrientations_iPhone = "UIInterfaceOrientationPortrait UIInterfaceOrientationLandscapeLeft UIInterfaceOrientationLandscapeRight";
				IPHONEOS_DEPLOYMENT_TARGET = 17.6;
				LD_RUNPATH_SEARCH_PATHS = (
					"$(inherited)",
					"@executable_path/Frameworks",
				);
				MARKETING_VERSION = 1.0;
				PRODUCT_BUNDLE_IDENTIFIER = "Gazza.Aca-Asistent";
				PRODUCT_NAME = "$(TARGET_NAME)";
				SWIFT_EMIT_LOC_STRINGS = YES;
				SWIFT_VERSION = 5.0;
				TARGETED_DEVICE_FAMILY = "1,2";
			};
			name = Debug;
		};
		CF5868392DBEAD3C00F99165 /* Release */ = {
			isa = XCBuildConfiguration;
			buildSettings = {
				ASSETCATALOG_COMPILER_APPICON_NAME = AppIcon;
				ASSETCATALOG_COMPILER_GLOBAL_ACCENT_COLOR_NAME = AccentColor;
				CODE_SIGN_STYLE = Automatic;
				CURRENT_PROJECT_VERSION = 1;
				DEVELOPMENT_TEAM = 83F7KY8L5Y;
				ENABLE_PREVIEWS = YES;
				GENERATE_INFOPLIST_FILE = YES;
				INFOPLIST_KEY_CFBundleDisplayName = "Aca Asistent";
				INFOPLIST_KEY_UIApplicationSceneManifest_Generation = YES;
				INFOPLIST_KEY_UIApplicationSupportsIndirectInputEvents = YES;
				INFOPLIST_KEY_UILaunchScreen_Generation = YES;
				INFOPLIST_KEY_UISupportedInterfaceOrientations_iPad = "UIInterfaceOrientationPortrait UIInterfaceOrientationPortraitUpsideDown UIInterfaceOrientationLandscapeLeft UIInterfaceOrientationLandscapeRight";
				INFOPLIST_KEY_UISupportedInterfaceOrientations_iPhone = "UIInterfaceOrientationPortrait UIInterfaceOrientationLandscapeLeft UIInterfaceOrientationLandscapeRight";
				IPHONEOS_DEPLOYMENT_TARGET = 17.6;
				LD_RUNPATH_SEARCH_PATHS = (
					"$(inherited)",
					"@executable_path/Frameworks",
				);
				MARKETING_VERSION = 1.0;
				PRODUCT_BUNDLE_IDENTIFIER = "Gazza.Aca-Asistent";
				PRODUCT_NAME = "$(TARGET_NAME)";
				SWIFT_EMIT_LOC_STRINGS = YES;
				SWIFT_VERSION = 5.0;
				TARGETED_DEVICE_FAMILY = "1,2";
			};
			name = Release;
		};
/* End XCBuildConfiguration section */

/* Begin XCConfigurationList section */
		CF5868272DBEAD3B00F99165 /* Build configuration list for PBXProject "Aca Asistent" */ = {
			isa = XCConfigurationList;
			buildConfigurations = (
				CF5868352DBEAD3C00F99165 /* Debug */,
				CF5868362DBEAD3C00F99165 /* Release */,
			);
			defaultConfigurationIsVisible = 0;
			defaultConfigurationName = Release;
		};
		CF5868372DBEAD3C00F99165 /* Build configuration list for PBXNativeTarget "Aca Asistent" */ = {
			isa = XCConfigurationList;
			buildConfigurations = (
				CF5868382DBEAD3C00F99165 /* Debug */,
				CF5868392DBEAD3C00F99165 /* Release */,
			);
			defaultConfigurationIsVisible = 0;
			defaultConfigurationName = Release;
		};
/* End XCConfigurationList section */

/* Begin XCRemoteSwiftPackageReference section */
		CF1518CC2DBEBAEF008C6F95 /* XCRemoteSwiftPackageReference "firebase-ios-sdk" */ = {
			isa = XCRemoteSwiftPackageReference;
			repositoryURL = "https://github.com/firebase/firebase-ios-sdk";
			requirement = {
				kind = upToNextMajorVersion;
				minimumVersion = 11.12.0;
			};
		};
/* End XCRemoteSwiftPackageReference section */

/* Begin XCSwiftPackageProductDependency section */
		CF1518CD2DBEBAEF008C6F95 /* FirebaseAnalytics */ = {
			isa = XCSwiftPackageProductDependency;
			package = CF1518CC2DBEBAEF008C6F95 /* XCRemoteSwiftPackageReference "firebase-ios-sdk" */;
			productName = FirebaseAnalytics;
		};
		CF1518CF2DBEBAEF008C6F95 /* FirebaseAuth */ = {
			isa = XCSwiftPackageProductDependency;
			package = CF1518CC2DBEBAEF008C6F95 /* XCRemoteSwiftPackageReference "firebase-ios-sdk" */;
			productName = FirebaseAuth;
		};
		CF1518D12DBEBAEF008C6F95 /* FirebaseCrashlytics */ = {
			isa = XCSwiftPackageProductDependency;
			package = CF1518CC2DBEBAEF008C6F95 /* XCRemoteSwiftPackageReference "firebase-ios-sdk" */;
			productName = FirebaseCrashlytics;
		};
		CF1518D32DBEBAEF008C6F95 /* FirebaseFirestore */ = {
			isa = XCSwiftPackageProductDependency;
			package = CF1518CC2DBEBAEF008C6F95 /* XCRemoteSwiftPackageReference "firebase-ios-sdk" */;
			productName = FirebaseFirestore;
		};
		CF1518D52DBEBAEF008C6F95 /* FirebasePerformance */ = {
			isa = XCSwiftPackageProductDependency;
			package = CF1518CC2DBEBAEF008C6F95 /* XCRemoteSwiftPackageReference "firebase-ios-sdk" */;
			productName = FirebasePerformance;
		};
		CF1518D72DBEBAEF008C6F95 /* FirebaseRemoteConfig */ = {
			isa = XCSwiftPackageProductDependency;
			package = CF1518CC2DBEBAEF008C6F95 /* XCRemoteSwiftPackageReference "firebase-ios-sdk" */;
			productName = FirebaseRemoteConfig;
		};
		CF1518D92DBEBAEF008C6F95 /* FirebaseStorage */ = {
			isa = XCSwiftPackageProductDependency;
			package = CF1518CC2DBEBAEF008C6F95 /* XCRemoteSwiftPackageReference "firebase-ios-sdk" */;
			productName = FirebaseStorage;
		};
		CF1519532DBEC2BD008C6F95 /* FirebaseAnalytics */ = {
			isa = XCSwiftPackageProductDependency;
			productName = FirebaseAnalytics;
		};
		CF1519552DBEC2BD008C6F95 /* FirebaseAuth */ = {
			isa = XCSwiftPackageProductDependency;
			productName = FirebaseAuth;
		};
		CF1519572DBEC2BD008C6F95 /* FirebaseCrashlytics */ = {
			isa = XCSwiftPackageProductDependency;
			productName = FirebaseCrashlytics;
		};
		CF1519592DBEC2BD008C6F95 /* FirebaseFirestore */ = {
			isa = XCSwiftPackageProductDependency;
			productName = FirebaseFirestore;
		};
		CF15195B2DBEC2BD008C6F95 /* FirebasePerformance */ = {
			isa = XCSwiftPackageProductDependency;
			productName = FirebasePerformance;
		};
		CF15195D2DBEC2BD008C6F95 /* FirebaseRemoteConfig */ = {
			isa = XCSwiftPackageProductDependency;
			productName = FirebaseRemoteConfig;
		};
		CF15195F2DBEC2BD008C6F95 /* FirebaseStorage */ = {
			isa = XCSwiftPackageProductDependency;
			productName = FirebaseStorage;
		};
		CF1519612DBEC492008C6F95 /* FirebaseFirestore */ = {
			isa = XCSwiftPackageProductDependency;
			productName = FirebaseFirestore;
		};
/* End XCSwiftPackageProductDependency section */
	};
	rootObject = CF5868242DBEAD3B00F99165 /* Project object */;
}
